
Microsoft Visual Studio Solution File, Format Version 12.00
# Visual Studio Version 17
VisualStudioVersion = 17.14.36518.9
MinimumVisualStudioVersion = 10.0.40219.1
Project("{8BC9CEB8-8B4A-11D0-8D11-00A0C91BC942}") = "PixelFox", "PixelFox\PixelFox.vcxproj", "{8485E062-3B16-43DF-A007-9D96C58E25F0}"
	ProjectSection(ProjectDependencies) = postProject
		{0B63F8E2-3B43-4973-9DF7-3F15EC2FA2DB} = {0B63F8E2-3B43-4973-9DF7-3F15EC2FA2DB}
		{3C92996C-D1C0-4EF0-BC16-F1E3D0FA1F3A} = {3C92996C-D1C0-4EF0-BC16-F1E3D0FA1F3A}
		{92FBB910-5606-46C8-B4C1-F4A3ADE60616} = {92FBB910-5606-46C8-B4C1-F4A3ADE60616}
		{9B993478-F3C3-4051-802A-6E348185138E} = {9B993478-F3C3-4051-802A-6E348185138E}
	EndProjectSection
EndProject
Project("{8BC9CEB8-8B4A-11D0-8D11-00A0C91BC942}") = "PixelFoxEngine", "PixelFoxEngine\PixelFoxEngine.vcxproj", "{92FBB910-5606-46C8-B4C1-F4A3ADE60616}"
	ProjectSection(ProjectDependencies) = postProject
		{0B63F8E2-3B43-4973-9DF7-3F15EC2FA2DB} = {0B63F8E2-3B43-4973-9DF7-3F15EC2FA2DB}
		{3C92996C-D1C0-4EF0-BC16-F1E3D0FA1F3A} = {3C92996C-D1C0-4EF0-BC16-F1E3D0FA1F3A}
		{9B993478-F3C3-4051-802A-6E348185138E} = {9B993478-F3C3-4051-802A-6E348185138E}
	EndProjectSection
EndProject
Project("{8BC9CEB8-8B4A-11D0-8D11-00A0C91BC942}") = "PixelFoxPhysics", "PixelFoxPhysics\PixelFoxPhysics.vcxproj", "{0B63F8E2-3B43-4973-9DF7-3F15EC2FA2DB}"
	ProjectSection(ProjectDependencies) = postProject
		{3C92996C-D1C0-4EF0-BC16-F1E3D0FA1F3A} = {3C92996C-D1C0-4EF0-BC16-F1E3D0FA1F3A}
		{9B993478-F3C3-4051-802A-6E348185138E} = {9B993478-F3C3-4051-802A-6E348185138E}
	EndProjectSection
EndProject
Project("{8BC9CEB8-8B4A-11D0-8D11-00A0C91BC942}") = "PixelFoxCore", "PixelFoxCore\PixelFoxCore.vcxproj", "{9B993478-F3C3-4051-802A-6E348185138E}"
EndProject
Project("{8BC9CEB8-8B4A-11D0-8D11-00A0C91BC942}") = "PixelFoxMath", "PixelFoxMath\PixelFoxMath.vcxproj", "{3C92996C-D1C0-4EF0-BC16-F1E3D0FA1F3A}"
	ProjectSection(ProjectDependencies) = postProject
		{9B993478-F3C3-4051-802A-6E348185138E} = {9B993478-F3C3-4051-802A-6E348185138E}
	EndProjectSection
EndProject
Project("{8BC9CEB8-8B4A-11D0-8D11-00A0C91BC942}") = "PixelFoxGTests", "PixelFoxGTests\PixelFoxGTests.vcxproj", "{65DA44A5-C0CA-4F78-849E-9376C59E09B2}"
	ProjectSection(ProjectDependencies) = postProject
		{9B993478-F3C3-4051-802A-6E348185138E} = {9B993478-F3C3-4051-802A-6E348185138E}
	EndProjectSection
EndProject
Global
	GlobalSection(SolutionConfigurationPlatforms) = preSolution
		Debug|x64 = Debug|x64
		Debug|x86 = Debug|x86
		Release|x64 = Release|x64
		Release|x86 = Release|x86
	EndGlobalSection
	GlobalSection(ProjectConfigurationPlatforms) = postSolution
		{8485E062-3B16-43DF-A007-9D96C58E25F0}.Debug|x64.ActiveCfg = Debug|x64
		{8485E062-3B16-43DF-A007-9D96C58E25F0}.Debug|x64.Build.0 = Debug|x64
		{8485E062-3B16-43DF-A007-9D96C58E25F0}.Debug|x86.ActiveCfg = Debug|Win32
		{8485E062-3B16-43DF-A007-9D96C58E25F0}.Debug|x86.Build.0 = Debug|Win32
		{8485E062-3B16-43DF-A007-9D96C58E25F0}.Release|x64.ActiveCfg = Release|x64
		{8485E062-3B16-43DF-A007-9D96C58E25F0}.Release|x64.Build.0 = Release|x64
		{8485E062-3B16-43DF-A007-9D96C58E25F0}.Release|x86.ActiveCfg = Release|Win32
		{8485E062-3B16-43DF-A007-9D96C58E25F0}.Release|x86.Build.0 = Release|Win32
		{92FBB910-5606-46C8-B4C1-F4A3ADE60616}.Debug|x64.ActiveCfg = Debug|x64
		{92FBB910-5606-46C8-B4C1-F4A3ADE60616}.Debug|x64.Build.0 = Debug|x64
		{92FBB910-5606-46C8-B4C1-F4A3ADE60616}.Debug|x86.ActiveCfg = Debug|Win32
		{92FBB910-5606-46C8-B4C1-F4A3ADE60616}.Debug|x86.Build.0 = Debug|Win32
		{92FBB910-5606-46C8-B4C1-F4A3ADE60616}.Release|x64.ActiveCfg = Release|x64
		{92FBB910-5606-46C8-B4C1-F4A3ADE60616}.Release|x64.Build.0 = Release|x64
		{92FBB910-5606-46C8-B4C1-F4A3ADE60616}.Release|x86.ActiveCfg = Release|Win32
		{92FBB910-5606-46C8-B4C1-F4A3ADE60616}.Release|x86.Build.0 = Release|Win32
		{0B63F8E2-3B43-4973-9DF7-3F15EC2FA2DB}.Debug|x64.ActiveCfg = Debug|x64
		{0B63F8E2-3B43-4973-9DF7-3F15EC2FA2DB}.Debug|x64.Build.0 = Debug|x64
		{0B63F8E2-3B43-4973-9DF7-3F15EC2FA2DB}.Debug|x86.ActiveCfg = Debug|Win32
		{0B63F8E2-3B43-4973-9DF7-3F15EC2FA2DB}.Debug|x86.Build.0 = Debug|Win32
		{0B63F8E2-3B43-4973-9DF7-3F15EC2FA2DB}.Release|x64.ActiveCfg = Release|x64
		{0B63F8E2-3B43-4973-9DF7-3F15EC2FA2DB}.Release|x64.Build.0 = Release|x64
		{0B63F8E2-3B43-4973-9DF7-3F15EC2FA2DB}.Release|x86.ActiveCfg = Release|Win32
		{0B63F8E2-3B43-4973-9DF7-3F15EC2FA2DB}.Release|x86.Build.0 = Release|Win32
		{9B993478-F3C3-4051-802A-6E348185138E}.Debug|x64.ActiveCfg = Debug|x64
		{9B993478-F3C3-4051-802A-6E348185138E}.Debug|x64.Build.0 = Debug|x64
		{9B993478-F3C3-4051-802A-6E348185138E}.Debug|x86.ActiveCfg = Debug|Win32
		{9B993478-F3C3-4051-802A-6E348185138E}.Debug|x86.Build.0 = Debug|Win32
		{9B993478-F3C3-4051-802A-6E348185138E}.Release|x64.ActiveCfg = Release|x64
		{9B993478-F3C3-4051-802A-6E348185138E}.Release|x64.Build.0 = Release|x64
		{9B993478-F3C3-4051-802A-6E348185138E}.Release|x86.ActiveCfg = Release|Win32
		{9B993478-F3C3-4051-802A-6E348185138E}.Release|x86.Build.0 = Release|Win32
		{3C92996C-D1C0-4EF0-BC16-F1E3D0FA1F3A}.Debug|x64.ActiveCfg = Debug|x64
		{3C92996C-D1C0-4EF0-BC16-F1E3D0FA1F3A}.Debug|x64.Build.0 = Debug|x64
		{3C92996C-D1C0-4EF0-BC16-F1E3D0FA1F3A}.Debug|x86.ActiveCfg = Debug|Win32
		{3C92996C-D1C0-4EF0-BC16-F1E3D0FA1F3A}.Debug|x86.Build.0 = Debug|Win32
		{3C92996C-D1C0-4EF0-BC16-F1E3D0FA1F3A}.Release|x64.ActiveCfg = Release|x64
		{3C92996C-D1C0-4EF0-BC16-F1E3D0FA1F3A}.Release|x64.Build.0 = Release|x64
		{3C92996C-D1C0-4EF0-BC16-F1E3D0FA1F3A}.Release|x86.ActiveCfg = Release|Win32
		{3C92996C-D1C0-4EF0-BC16-F1E3D0FA1F3A}.Release|x86.Build.0 = Release|Win32
		{65DA44A5-C0CA-4F78-849E-9376C59E09B2}.Debug|x64.ActiveCfg = Debug|x64
		{65DA44A5-C0CA-4F78-849E-9376C59E09B2}.Debug|x64.Build.0 = Debug|x64
		{65DA44A5-C0CA-4F78-849E-9376C59E09B2}.Debug|x86.ActiveCfg = Debug|Win32
		{65DA44A5-C0CA-4F78-849E-9376C59E09B2}.Debug|x86.Build.0 = Debug|Win32
		{65DA44A5-C0CA-4F78-849E-9376C59E09B2}.Release|x64.ActiveCfg = Release|x64
		{65DA44A5-C0CA-4F78-849E-9376C59E09B2}.Release|x64.Build.0 = Release|x64
		{65DA44A5-C0CA-4F78-849E-9376C59E09B2}.Release|x86.ActiveCfg = Release|Win32
		{65DA44A5-C0CA-4F78-849E-9376C59E09B2}.Release|x86.Build.0 = Release|Win32
	EndGlobalSection
	GlobalSection(SolutionProperties) = preSolution
		HideSolutionNode = FALSE
	EndGlobalSection
	GlobalSection(ExtensibilityGlobals) = postSolution
		SolutionGuid = {0F8C18D4-0058-4888-9D7F-789BF32EA1CC}
	EndGlobalSection
EndGlobal
