<?xml version="1.0" encoding="utf-8"?>
<Project ToolsVersion="4.0" xmlns="http://schemas.microsoft.com/developer/msbuild/2003">
  <ItemGroup>
    <Filter Include="Source Files">
      <UniqueIdentifier>{4FC737F1-C7A5-4376-A066-2A32D752A2FF}</UniqueIdentifier>
      <Extensions>cpp;c;cc;cxx;c++;cppm;ixx;def;odl;idl;hpj;bat;asm;asmx</Extensions>
    </Filter>
    <Filter Include="Header Files">
      <UniqueIdentifier>{93995380-89BD-4b04-88EB-625FBE52EBFB}</UniqueIdentifier>
      <Extensions>h;hh;hpp;hxx;h++;hm;inl;inc;ipp;xsd</Extensions>
    </Filter>
    <Filter Include="Resource Files">
      <UniqueIdentifier>{67DA6AB6-F800-4c08-8B7A-83BB121AAD01}</UniqueIdentifier>
      <Extensions>rc;ico;cur;bmp;dlg;rc2;rct;bin;rgs;gif;jpg;jpeg;jpe;resx;tiff;tif;png;wav;mfcribbon-ms</Extensions>
    </Filter>
  </ItemGroup>
  <ItemGroup>
    <ClInclude Include="framework.h">
      <Filter>Header Files</Filter>
    </ClInclude>
    <ClInclude Include="pch.h">
      <Filter>Header Files</Filter>
    </ClInclude>
    <ClInclude Include="PixelFoxEngineAPI.h">
      <Filter>Header Files</Filter>
    </ClInclude>
    <ClInclude Include="include\pixel_engine\PixelEngine.h">
      <Filter>Header Files</Filter>
    </ClInclude>
    <ClInclude Include="include\pixel_engine\window_manager\windows_manager.h">
      <Filter>Header Files</Filter>
    </ClInclude>
    <ClInclude Include="include\pixel_engine\window_manager\inputs\keyboard_inputs.h">
      <Filter>Header Files</Filter>
    </ClInclude>
    <ClInclude Include="include\pixel_engine\window_manager\inputs\mouse_inputs.h">
      <Filter>Header Files</Filter>
    </ClInclude>
    <ClInclude Include="include\pixel_engine\core\interface\interface_inputs.h">
      <Filter>Header Files</Filter>
    </ClInclude>
    <ClInclude Include="include\pixel_engine\core\interface\interface_frame.h">
      <Filter>Header Files</Filter>
    </ClInclude>
    <ClInclude Include="include\pixel_engine\utilities\id_allocator.h">
      <Filter>Header Files</Filter>
    </ClInclude>
    <ClInclude Include="include\pixel_engine\utilities\hash_type.h">
      <Filter>Header Files</Filter>
    </ClInclude>
    <ClInclude Include="include\pixel_engine\exceptions\base_exception.h">
      <Filter>Header Files</Filter>
    </ClInclude>
    <ClInclude Include="include\pixel_engine\exceptions\win_exception.h">
      <Filter>Header Files</Filter>
    </ClInclude>
    <ClInclude Include="include\pixel_engine\core\event\event_queue.h">
      <Filter>Header Files</Filter>
    </ClInclude>
    <ClInclude Include="include\pixel_engine\render_manager\render_manager.h">
      <Filter>Header Files</Filter>
    </ClInclude>
    <ClInclude Include="include\pixel_engine\utilities\logger\logger.h">
      <Filter>Header Files</Filter>
    </ClInclude>
    <ClInclude Include="include\pixel_engine\core\interface\interface_singleton.h">
      <Filter>Header Files</Filter>
    </ClInclude>
    <ClInclude Include="include\pixel_engine\core\service\service_locator.h">
      <Filter>Header Files</Filter>
    </ClInclude>
    <ClInclude Include="include\pixel_engine\core\dependency\dependency_resolver.h">
      <Filter>Header Files</Filter>
    </ClInclude>
    <ClInclude Include="include\pixel_engine\core\event\event_windows.h">
      <Filter>Header Files</Filter>
    </ClInclude>
    <ClInclude Include="include\pixel_engine\core\event\event_render.h">
      <Filter>Header Files</Filter>
    </ClInclude>
    <ClInclude Include="include\pixel_engine\core\event\event_engine.h">
      <Filter>Header Files</Filter>
    </ClInclude>
    <ClInclude Include="include\pixel_engine\utilities\clock\clock.h">
      <Filter>Header Files</Filter>
    </ClInclude>
    <ClInclude Include="include\pixel_engine\core\interface\interface_sprite.h">
      <Filter>Header Files</Filter>
    </ClInclude>
    <ClInclude Include="include\pixel_engine\core\interface\interface_light.h">
      <Filter>Header Files</Filter>
    </ClInclude>
    <ClInclude Include="include\pixel_engine\core\interface\interface_particle.h">
      <Filter>Header Files</Filter>
    </ClInclude>
    <ClInclude Include="include\pixel_engine\core\interface\interface_post.h">
      <Filter>Header Files</Filter>
    </ClInclude>
    <ClInclude Include="include\pixel_engine\core\interface\interface_text.h">
      <Filter>Header Files</Filter>
    </ClInclude>
    <ClInclude Include="include\pixel_engine\render_manager\render_defines.h">
      <Filter>Header Files</Filter>
    </ClInclude>
    <ClInclude Include="include\pixel_engine\core\interface\interface_object.h">
      <Filter>Header Files</Filter>
    </ClInclude>
    <ClInclude Include="include\pixel_engine\core\types.h">
      <Filter>Header Files</Filter>
    </ClInclude>
    <ClInclude Include="include\pixel_engine\render_manager\api\render_api.h">
      <Filter>Header Files</Filter>
    </ClInclude>
    <ClInclude Include="include\pixel_engine\render_manager\api\buffer\image.h">
      <Filter>Header Files</Filter>
    </ClInclude>
    <ClInclude Include="include\pixel_engine\render_manager\components\camera\camera.h">
      <Filter>Header Files</Filter>
    </ClInclude>
    <ClInclude Include="include\pixel_engine\render_manager\api\raster\raster.h">
      <Filter>Header Files</Filter>
    </ClInclude>
    <ClInclude Include="include\pixel_engine\render_manager\api\culling\culling.h">
      <Filter>Header Files</Filter>
    </ClInclude>
    <ClInclude Include="include\pixel_engine\render_manager\objects\quad\quad.h">
      <Filter>Header Files</Filter>
    </ClInclude>
    <ClInclude Include="include\pixel_engine\render_manager\render_queue\render_queue.h">
      <Filter>Header Files</Filter>
    </ClInclude>
    <ClInclude Include="include\pixel_engine\render_manager\components\texture\texture_resource.h">
      <Filter>Header Files</Filter>
    </ClInclude>
    <ClInclude Include="include\pixel_engine\render_manager\components\texture\texture.h">
      <Filter>Header Files</Filter>
    </ClInclude>
    <ClInclude Include="include\pixel_engine\render_manager\components\texture\png_loader\png_loader.h">
      <Filter>Header Files</Filter>
    </ClInclude>
    <ClInclude Include="include\pixel_engine\render_manager\components\texture\sampler\bilinear_sampler.h">
      <Filter>Header Files</Filter>
    </ClInclude>
    <ClInclude Include="include\pixel_engine\window_manager\windows_tuning.h">
      <Filter>Header Files</Filter>
    </ClInclude>
    <ClInclude Include="include\pixel_engine\render_manager\api\raster\task\raster_scheduler.h">
      <Filter>Header Files</Filter>
    </ClInclude>
    <ClInclude Include="include\pixel_engine\render_manager\api\raster\task\raster_task.h">
      <Filter>Header Files</Filter>
    </ClInclude>
  </ItemGroup>
  <ItemGroup>
    <ClCompile Include="dllmain.cpp">
      <Filter>Source Files</Filter>
    </ClCompile>
    <ClCompile Include="pch.cpp">
      <Filter>Source Files</Filter>
    </ClCompile>
    <ClCompile Include="include\pixel_engine\PixelEngine.cpp">
      <Filter>Source Files</Filter>
    </ClCompile>
    <ClCompile Include="include\pixel_engine\window_manager\windows_manager.cpp">
      <Filter>Source Files</Filter>
    </ClCompile>
    <ClCompile Include="include\pixel_engine\window_manager\inputs\keyboard_inputs.cpp">
      <Filter>Source Files</Filter>
    </ClCompile>
    <ClCompile Include="include\pixel_engine\window_manager\inputs\mouse_inputs.cpp">
      <Filter>Source Files</Filter>
    </ClCompile>
    <ClCompile Include="include\pixel_engine\render_manager\render_manager.cpp">
      <Filter>Source Files</Filter>
    </ClCompile>
    <ClCompile Include="include\pixel_engine\utilities\logger\logger.cpp">
      <Filter>Source Files</Filter>
    </ClCompile>
    <ClCompile Include="include\pixel_engine\core\service\service_locator.cpp">
      <Filter>Source Files</Filter>
    </ClCompile>
    <ClCompile Include="include\pixel_engine\core\dependency\dependency_resolver.cpp">
      <Filter>Source Files</Filter>
    </ClCompile>
    <ClCompile Include="include\pixel_engine\utilities\clock\clock.cpp">
      <Filter>Source Files</Filter>
    </ClCompile>
    <ClCompile Include="include\pixel_engine\render_manager\api\render_api.cpp">
      <Filter>Source Files</Filter>
    </ClCompile>
    <ClCompile Include="include\pixel_engine\render_manager\api\buffer\image.cpp">
      <Filter>Source Files</Filter>
    </ClCompile>
    <ClCompile Include="include\pixel_engine\render_manager\components\camera\camera.cpp">
      <Filter>Source Files</Filter>
    </ClCompile>
    <ClCompile Include="include\pixel_engine\render_manager\api\raster\raster.cpp">
      <Filter>Source Files</Filter>
    </ClCompile>
    <ClCompile Include="include\pixel_engine\render_manager\api\culling\culling.cpp">
      <Filter>Source Files</Filter>
    </ClCompile>
    <ClCompile Include="include\pixel_engine\render_manager\objects\quad\quad.cpp">
      <Filter>Source Files</Filter>
    </ClCompile>
    <ClCompile Include="include\pixel_engine\render_manager\render_queue\render_queue.cpp">
      <Filter>Source Files</Filter>
    </ClCompile>
    <ClCompile Include="include\pixel_engine\render_manager\components\texture\texture_resource.cpp">
      <Filter>Source Files</Filter>
    </ClCompile>
    <ClCompile Include="include\pixel_engine\render_manager\components\texture\png_loader\png_loader.cpp">
      <Filter>Source Files</Filter>
    </ClCompile>
    <ClCompile Include="include\pixel_engine\render_manager\components\texture\texture.cpp">
      <Filter>Source Files</Filter>
    </ClCompile>
    <ClCompile Include="include\pixel_engine\render_manager\components\texture\sampler\bilinear_sampler.cpp">
      <Filter>Source Files</Filter>
    </ClCompile>
    <ClCompile Include="include\pixel_engine\render_manager\api\raster\task\raster_task.cpp">
      <Filter>Source Files</Filter>
    </ClCompile>
    <ClCompile Include="include\pixel_engine\render_manager\api\raster\task\raster_scheduler.cpp">
      <Filter>Source Files</Filter>
    </ClCompile>
  </ItemGroup>
</Project>