<?xml version="1.0" encoding="utf-8"?>
<Project ToolsVersion="4.0" xmlns="http://schemas.microsoft.com/developer/msbuild/2003">
  <ItemGroup>
    <Filter Include="Source Files">
      <UniqueIdentifier>{4FC737F1-C7A5-4376-A066-2A32D752A2FF}</UniqueIdentifier>
      <Extensions>cpp;c;cc;cxx;c++;cppm;ixx;def;odl;idl;hpj;bat;asm;asmx</Extensions>
    </Filter>
    <Filter Include="Header Files">
      <UniqueIdentifier>{93995380-89BD-4b04-88EB-625FBE52EBFB}</UniqueIdentifier>
      <Extensions>h;hh;hpp;hxx;h++;hm;inl;inc;ipp;xsd</Extensions>
    </Filter>
    <Filter Include="Resource Files">
      <UniqueIdentifier>{67DA6AB6-F800-4c08-8B7A-83BB121AAD01}</UniqueIdentifier>
      <Extensions>rc;ico;cur;bmp;dlg;rc2;rct;bin;rgs;gif;jpg;jpeg;jpe;resx;tiff;tif;png;wav;mfcribbon-ms</Extensions>
    </Filter>
  </ItemGroup>
  <ItemGroup>
    <ClCompile Include="main.cpp">
      <Filter>Source Files</Filter>
    </ClCompile>
    <ClCompile Include="src\application.cpp">
      <Filter>Source Files</Filter>
    </ClCompile>
    <ClCompile Include="src\player\player.cpp">
      <Filter>Source Files</Filter>
    </ClCompile>
    <ClCompile Include="src\ai\controller\chase\chase_ai.cpp">
      <Filter>Source Files</Filter>
    </ClCompile>
    <ClCompile Include="src\ai\projectile\straight\straight_projectile.cpp">
      <Filter>Source Files</Filter>
    </ClCompile>
    <ClCompile Include="src\ai\controller\turret\turret_ai.cpp">
      <Filter>Source Files</Filter>
    </ClCompile>
    <ClCompile Include="src\enemy\goblin\enemy_goblin.cpp">
      <Filter>Source Files</Filter>
    </ClCompile>
    <ClCompile Include="src\world\enemy_spawner\enemy_spawner.cpp">
      <Filter>Source Files</Filter>
    </ClCompile>
    <ClCompile Include="src\world\game_world.cpp">
      <Filter>Source Files</Filter>
    </ClCompile>
    <ClCompile Include="src\world\menu_gui\main_menu.cpp">
      <Filter>Source Files</Filter>
    </ClCompile>
    <ClCompile Include="src\world\map_generator\finite_map\finite_map.cpp">
      <Filter>Source Files</Filter>
    </ClCompile>
    <ClCompile Include="src\obsticle\obsitcle.cpp">
      <Filter>Source Files</Filter>
    </ClCompile>
    <ClCompile Include="src\enemy\angry_goblin\enemy_angry_goblin.cpp">
      <Filter>Source Files</Filter>
    </ClCompile>
    <ClCompile Include="src\enemy\skeleton\enemy_skeleton.cpp">
      <Filter>Source Files</Filter>
    </ClCompile>
    <ClCompile Include="src\enemy\mushroom\enemy_mushroom.cpp">
      <Filter>Source Files</Filter>
    </ClCompile>
    <ClCompile Include="src\enemy\fire_dog\enemy_fire_dog.cpp">
      <Filter>Source Files</Filter>
    </ClCompile>
  </ItemGroup>
  <ItemGroup>
    <ClInclude Include="resource.h">
      <Filter>Header Files</Filter>
    </ClInclude>
    <ClInclude Include="src\application.h">
      <Filter>Header Files</Filter>
    </ClInclude>
    <ClInclude Include="src\player\player.h">
      <Filter>Header Files</Filter>
    </ClInclude>
    <ClInclude Include="src\ai\controller\interface_controller.h">
      <Filter>Header Files</Filter>
    </ClInclude>
    <ClInclude Include="src\world\events\player_events.h">
      <Filter>Header Files</Filter>
    </ClInclude>
    <ClInclude Include="src\ai\controller\chase\chase_ai.h">
      <Filter>Header Files</Filter>
    </ClInclude>
    <ClInclude Include="src\ai\controller\turret\turret_ai.h">
      <Filter>Header Files</Filter>
    </ClInclude>
    <ClInclude Include="src\ai\projectile\interface_projectile.h">
      <Filter>Header Files</Filter>
    </ClInclude>
    <ClInclude Include="src\ai\projectile\straight\straight_projectile.h">
      <Filter>Header Files</Filter>
    </ClInclude>
    <ClInclude Include="src\world\game_world.h">
      <Filter>Header Files</Filter>
    </ClInclude>
    <ClInclude Include="src\enemy\interface_enemy.h">
      <Filter>Header Files</Filter>
    </ClInclude>
    <ClInclude Include="src\enemy\goblin\enemy_goblin.h">
      <Filter>Header Files</Filter>
    </ClInclude>
    <ClInclude Include="src\world\events\enemy_events.h">
      <Filter>Header Files</Filter>
    </ClInclude>
    <ClInclude Include="src\world\events\projectile_events.h">
      <Filter>Header Files</Filter>
    </ClInclude>
    <ClInclude Include="src\world\state\character_state.h">
      <Filter>Header Files</Filter>
    </ClInclude>
    <ClInclude Include="src\world\enemy_spawner\enemy_spawner.h">
      <Filter>Header Files</Filter>
    </ClInclude>
    <ClInclude Include="src\enemy\registry_enemy.h">
      <Filter>Header Files</Filter>
    </ClInclude>
    <ClInclude Include="src\enemy\define_enemy.h">
      <Filter>Header Files</Filter>
    </ClInclude>
    <ClInclude Include="src\world\map_generator\interface_map.h">
      <Filter>Header Files</Filter>
    </ClInclude>
    <ClInclude Include="src\world\menu_gui\main_menu.h">
      <Filter>Header Files</Filter>
    </ClInclude>
    <ClInclude Include="src\world\map_generator\finite_map\finite_map.h">
      <Filter>Header Files</Filter>
    </ClInclude>
    <ClInclude Include="src\obsticle\obsiticle.h">
      <Filter>Header Files</Filter>
    </ClInclude>
    <ClInclude Include="src\enemy\angry_goblin\enemy_angry_goblin.h">
      <Filter>Header Files</Filter>
    </ClInclude>
    <ClInclude Include="src\enemy\skeleton\enemy_skeleton.h">
      <Filter>Header Files</Filter>
    </ClInclude>
    <ClInclude Include="src\enemy\mushroom\enemy_mushroom.h">
      <Filter>Header Files</Filter>
    </ClInclude>
    <ClInclude Include="src\enemy\fire_dog\enemy_fire_dog.h">
      <Filter>Header Files</Filter>
    </ClInclude>
  </ItemGroup>
  <ItemGroup>
    <ResourceCompile Include="PixelFox.rc">
      <Filter>Resource Files</Filter>
    </ResourceCompile>
  </ItemGroup>
  <ItemGroup>
    <Image Include="assets\icons\fox.ico">
      <Filter>Resource Files</Filter>
    </Image>
  </ItemGroup>
</Project>