<?xml version="1.0" encoding="utf-8"?>
<Project ToolsVersion="4.0" xmlns="http://schemas.microsoft.com/developer/msbuild/2003">
  <ItemGroup>
    <ClCompile Include="test.cpp" />
    <ClCompile Include="pch.cpp" />
  </ItemGroup>
  <ItemGroup>
    <ClInclude Include="pch.h" />
    <ClInclude Include="test_vector.h">
      <Filter>tests\core</Filter>
    </ClInclude>
    <ClInclude Include="test_list.h">
      <Filter>tests\core</Filter>
    </ClInclude>
    <ClInclude Include="test_unordered_map.h">
      <Filter>tests\core</Filter>
    </ClInclude>
    <ClInclude Include="test_math_vector2d.h">
      <Filter>tests\math</Filter>
    </ClInclude>
    <ClInclude Include="test_math_matrix.h">
      <Filter>tests\math</Filter>
    </ClInclude>
    <ClInclude Include="test_math_transform.h">
      <Filter>tests\math</Filter>
    </ClInclude>
    <ClInclude Include="test_math.h">
      <Filter>tests\math</Filter>
    </ClInclude>
  </ItemGroup>
  <ItemGroup>
    <None Include="packages.config" />
  </ItemGroup>
  <ItemGroup>
    <Filter Include="tests">
      <UniqueIdentifier>{b7c08b91-f60e-4d1b-8226-902e79a5fde0}</UniqueIdentifier>
    </Filter>
    <Filter Include="tests\core">
      <UniqueIdentifier>{9430886e-cf20-45ee-97c3-cf95b4130e19}</UniqueIdentifier>
    </Filter>
    <Filter Include="tests\math">
      <UniqueIdentifier>{5ec3ad38-c3d6-4a97-b16e-5fde3acd0c71}</UniqueIdentifier>
    </Filter>
    <Filter Include="tests\physics">
      <UniqueIdentifier>{88df61e3-03e5-4502-82e0-44260e3a2ee8}</UniqueIdentifier>
    </Filter>
  </ItemGroup>
</Project>